
Microsoft Visual Studio Solution File, Format Version 12.00
# Visual Studio Version 16
VisualStudioVersion = 16.0.29326.143
MinimumVisualStudioVersion = 15.0.26124.0
Project("{9A19103F-16F7-4668-BE54-9A1E7A4F7556}") = "Forfuture.WeChat", "src\Forfuture.WeChat\Forfuture.WeChat.csproj", "{7254E79C-3ACC-4D80-92F5-218099D59D51}"
EndProject
Project("{9A19103F-16F7-4668-BE54-9A1E7A4F7556}") = "Forfuture.WeChat.RedisCache", "src\Forfuture.WeChat.Cache\Forfuture.WeChat.RedisCache.csproj", "{A31AC3EC-76F4-4914-9622-DEB0C6888135}"
EndProject
Project("{9A19103F-16F7-4668-BE54-9A1E7A4F7556}") = "Forfuture.WeChat.AspNetCore", "src\Forfuture.WeChat.AspNetCore\Forfuture.WeChat.AspNetCore.csproj", "{3929E857-5008-4369-8BDB-A1D68267555B}"
EndProject
Project("{FAE04EC0-301F-11D3-BF4B-00C04F79EFBC}") = "Forfuture.Core", "src\Forfuture.Core\Forfuture.Core.csproj", "{4A6F35C8-ED51-4CE1-86AD-FC6877999D10}"
EndProject
Global
	GlobalSection(SolutionConfigurationPlatforms) = preSolution
		Debug|Any CPU = Debug|Any CPU
		Debug|x64 = Debug|x64
		Debug|x86 = Debug|x86
		Release|Any CPU = Release|Any CPU
		Release|x64 = Release|x64
		Release|x86 = Release|x86
	EndGlobalSection
	GlobalSection(ProjectConfigurationPlatforms) = postSolution
		{7254E79C-3ACC-4D80-92F5-218099D59D51}.Debug|Any CPU.ActiveCfg = Debug|Any CPU
		{7254E79C-3ACC-4D80-92F5-218099D59D51}.Debug|Any CPU.Build.0 = Debug|Any CPU
		{7254E79C-3ACC-4D80-92F5-218099D59D51}.Debug|x64.ActiveCfg = Debug|Any CPU
		{7254E79C-3ACC-4D80-92F5-218099D59D51}.Debug|x64.Build.0 = Debug|Any CPU
		{7254E79C-3ACC-4D80-92F5-218099D59D51}.Debug|x86.ActiveCfg = Debug|Any CPU
		{7254E79C-3ACC-4D80-92F5-218099D59D51}.Debug|x86.Build.0 = Debug|Any CPU
		{7254E79C-3ACC-4D80-92F5-218099D59D51}.Release|Any CPU.ActiveCfg = Release|Any CPU
		{7254E79C-3ACC-4D80-92F5-218099D59D51}.Release|Any CPU.Build.0 = Release|Any CPU
		{7254E79C-3ACC-4D80-92F5-218099D59D51}.Release|x64.ActiveCfg = Release|Any CPU
		{7254E79C-3ACC-4D80-92F5-218099D59D51}.Release|x64.Build.0 = Release|Any CPU
		{7254E79C-3ACC-4D80-92F5-218099D59D51}.Release|x86.ActiveCfg = Release|Any CPU
		{7254E79C-3ACC-4D80-92F5-218099D59D51}.Release|x86.Build.0 = Release|Any CPU
		{A31AC3EC-76F4-4914-9622-DEB0C6888135}.Debug|Any CPU.ActiveCfg = Debug|Any CPU
		{A31AC3EC-76F4-4914-9622-DEB0C6888135}.Debug|Any CPU.Build.0 = Debug|Any CPU
		{A31AC3EC-76F4-4914-9622-DEB0C6888135}.Debug|x64.ActiveCfg = Debug|Any CPU
		{A31AC3EC-76F4-4914-9622-DEB0C6888135}.Debug|x64.Build.0 = Debug|Any CPU
		{A31AC3EC-76F4-4914-9622-DEB0C6888135}.Debug|x86.ActiveCfg = Debug|Any CPU
		{A31AC3EC-76F4-4914-9622-DEB0C6888135}.Debug|x86.Build.0 = Debug|Any CPU
		{A31AC3EC-76F4-4914-9622-DEB0C6888135}.Release|Any CPU.ActiveCfg = Release|Any CPU
		{A31AC3EC-76F4-4914-9622-DEB0C6888135}.Release|Any CPU.Build.0 = Release|Any CPU
		{A31AC3EC-76F4-4914-9622-DEB0C6888135}.Release|x64.ActiveCfg = Release|Any CPU
		{A31AC3EC-76F4-4914-9622-DEB0C6888135}.Release|x64.Build.0 = Release|Any CPU
		{A31AC3EC-76F4-4914-9622-DEB0C6888135}.Release|x86.ActiveCfg = Release|Any CPU
		{A31AC3EC-76F4-4914-9622-DEB0C6888135}.Release|x86.Build.0 = Release|Any CPU
		{3929E857-5008-4369-8BDB-A1D68267555B}.Debug|Any CPU.ActiveCfg = Debug|Any CPU
		{3929E857-5008-4369-8BDB-A1D68267555B}.Debug|Any CPU.Build.0 = Debug|Any CPU
		{3929E857-5008-4369-8BDB-A1D68267555B}.Debug|x64.ActiveCfg = Debug|Any CPU
		{3929E857-5008-4369-8BDB-A1D68267555B}.Debug|x64.Build.0 = Debug|Any CPU
		{3929E857-5008-4369-8BDB-A1D68267555B}.Debug|x86.ActiveCfg = Debug|Any CPU
		{3929E857-5008-4369-8BDB-A1D68267555B}.Debug|x86.Build.0 = Debug|Any CPU
		{3929E857-5008-4369-8BDB-A1D68267555B}.Release|Any CPU.ActiveCfg = Release|Any CPU
		{3929E857-5008-4369-8BDB-A1D68267555B}.Release|Any CPU.Build.0 = Release|Any CPU
		{3929E857-5008-4369-8BDB-A1D68267555B}.Release|x64.ActiveCfg = Release|Any CPU
		{3929E857-5008-4369-8BDB-A1D68267555B}.Release|x64.Build.0 = Release|Any CPU
		{3929E857-5008-4369-8BDB-A1D68267555B}.Release|x86.ActiveCfg = Release|Any CPU
		{3929E857-5008-4369-8BDB-A1D68267555B}.Release|x86.Build.0 = Release|Any CPU
		{4A6F35C8-ED51-4CE1-86AD-FC6877999D10}.Debug|Any CPU.ActiveCfg = Debug|Any CPU
		{4A6F35C8-ED51-4CE1-86AD-FC6877999D10}.Debug|Any CPU.Build.0 = Debug|Any CPU
		{4A6F35C8-ED51-4CE1-86AD-FC6877999D10}.Debug|x64.ActiveCfg = Debug|Any CPU
		{4A6F35C8-ED51-4CE1-86AD-FC6877999D10}.Debug|x64.Build.0 = Debug|Any CPU
		{4A6F35C8-ED51-4CE1-86AD-FC6877999D10}.Debug|x86.ActiveCfg = Debug|Any CPU
		{4A6F35C8-ED51-4CE1-86AD-FC6877999D10}.Debug|x86.Build.0 = Debug|Any CPU
		{4A6F35C8-ED51-4CE1-86AD-FC6877999D10}.Release|Any CPU.ActiveCfg = Release|Any CPU
		{4A6F35C8-ED51-4CE1-86AD-FC6877999D10}.Release|Any CPU.Build.0 = Release|Any CPU
		{4A6F35C8-ED51-4CE1-86AD-FC6877999D10}.Release|x64.ActiveCfg = Release|Any CPU
		{4A6F35C8-ED51-4CE1-86AD-FC6877999D10}.Release|x64.Build.0 = Release|Any CPU
		{4A6F35C8-ED51-4CE1-86AD-FC6877999D10}.Release|x86.ActiveCfg = Release|Any CPU
		{4A6F35C8-ED51-4CE1-86AD-FC6877999D10}.Release|x86.Build.0 = Release|Any CPU
	EndGlobalSection
	GlobalSection(SolutionProperties) = preSolution
		HideSolutionNode = FALSE
	EndGlobalSection
	GlobalSection(ExtensibilityGlobals) = postSolution
		SolutionGuid = {C31CECC5-2706-4C14-A40D-0E3600CA6A57}
	EndGlobalSection
EndGlobal
